
Microsoft Visual Studio Solution File, Format Version 12.00
# Visual Studio Version 16
VisualStudioVersion = 25.0.1700.7
MinimumVisualStudioVersion = 10.0.40219.1
Project("{FAE04EC0-301F-11D3-BF4B-00C04F79EFBC}") = "2.6.Studio_Area_of_a_Circle", "2.6.Studio_Area_of_a_Circle\2.6.Studio_Area_of_a_Circle.csproj", "{759A13DE-DD5C-4A50-8727-17A5F3F169CF}"
EndProject
Global
	GlobalSection(SolutionConfigurationPlatforms) = preSolution
		Debug|Any CPU = Debug|Any CPU
		Release|Any CPU = Release|Any CPU
	EndGlobalSection
	GlobalSection(ProjectConfigurationPlatforms) = postSolution
		{759A13DE-DD5C-4A50-8727-17A5F3F169CF}.Debug|Any CPU.ActiveCfg = Debug|Any CPU
		{759A13DE-DD5C-4A50-8727-17A5F3F169CF}.Debug|Any CPU.Build.0 = Debug|Any CPU
		{759A13DE-DD5C-4A50-8727-17A5F3F169CF}.Release|Any CPU.ActiveCfg = Release|Any CPU
		{759A13DE-DD5C-4A50-8727-17A5F3F169CF}.Release|Any CPU.Build.0 = Release|Any CPU
	EndGlobalSection
	GlobalSection(SolutionProperties) = preSolution
		HideSolutionNode = FALSE
	EndGlobalSection
	GlobalSection(ExtensibilityGlobals) = postSolution
		SolutionGuid = {6F346C1A-91A4-4604-94EC-A2A01C431E4C}
	EndGlobalSection
EndGlobal
